
Microsoft Visual Studio Solution File, Format Version 12.00
# Visual Studio 15
Project("{FAE04EC0-301F-11D3-BF4B-00C04F79EFBC}") = "Assembly-CSharp", "Assembly-CSharp.csproj", "{925A1BBE-2CF1-960B-E8F9-8E1F8275F669}"
EndProject
Project("{FAE04EC0-301F-11D3-BF4B-00C04F79EFBC}") = "Assembly-CSharp-Editor", "Assembly-CSharp-Editor.csproj", "{1EE55254-1B24-7B72-9030-740889C763C8}"
EndProject
Project("{FAE04EC0-301F-11D3-BF4B-00C04F79EFBC}") = "Assembly-CSharp-Editor-firstpass", "Assembly-CSharp-Editor-firstpass.csproj", "{DD37D047-546A-6E59-5157-B8C87F3D8D6C}"
EndProject
Global
	GlobalSection(SolutionConfigurationPlatforms) = preSolution
		Debug|Any CPU = Debug|Any CPU
		Release|Any CPU = Release|Any CPU
	EndGlobalSection
	GlobalSection(ProjectConfigurationPlatforms) = postSolution
		{925A1BBE-2CF1-960B-E8F9-8E1F8275F669}.Debug|Any CPU.ActiveCfg = Debug|Any CPU
		{925A1BBE-2CF1-960B-E8F9-8E1F8275F669}.Debug|Any CPU.Build.0 = Debug|Any CPU
		{925A1BBE-2CF1-960B-E8F9-8E1F8275F669}.Release|Any CPU.ActiveCfg = Release|Any CPU
		{925A1BBE-2CF1-960B-E8F9-8E1F8275F669}.Release|Any CPU.Build.0 = Release|Any CPU
		{1EE55254-1B24-7B72-9030-740889C763C8}.Debug|Any CPU.ActiveCfg = Debug|Any CPU
		{1EE55254-1B24-7B72-9030-740889C763C8}.Debug|Any CPU.Build.0 = Debug|Any CPU
		{1EE55254-1B24-7B72-9030-740889C763C8}.Release|Any CPU.ActiveCfg = Release|Any CPU
		{1EE55254-1B24-7B72-9030-740889C763C8}.Release|Any CPU.Build.0 = Release|Any CPU
		{DD37D047-546A-6E59-5157-B8C87F3D8D6C}.Debug|Any CPU.ActiveCfg = Debug|Any CPU
		{DD37D047-546A-6E59-5157-B8C87F3D8D6C}.Debug|Any CPU.Build.0 = Debug|Any CPU
		{DD37D047-546A-6E59-5157-B8C87F3D8D6C}.Release|Any CPU.ActiveCfg = Release|Any CPU
		{DD37D047-546A-6E59-5157-B8C87F3D8D6C}.Release|Any CPU.Build.0 = Release|Any CPU
	EndGlobalSection
	GlobalSection(SolutionProperties) = preSolution
		HideSolutionNode = FALSE
	EndGlobalSection
EndGlobal
